
Microsoft Visual Studio Solution File, Format Version 12.00
# Visual Studio 15
VisualStudioVersion = 15.0.27130.2027
MinimumVisualStudioVersion = 10.0.40219.1
Project("{FAE04EC0-301F-11D3-BF4B-00C04F79EFBC}") = "ImpactaVeiculos.Web", "ImpactaVeiculos.Web\ImpactaVeiculos.Web.csproj", "{C047BD9C-CB39-4AE6-B324-53F80860A7D2}"
EndProject
Global
	GlobalSection(SolutionConfigurationPlatforms) = preSolution
		Debug|Any CPU = Debug|Any CPU
		Release|Any CPU = Release|Any CPU
	EndGlobalSection
	GlobalSection(ProjectConfigurationPlatforms) = postSolution
		{C047BD9C-CB39-4AE6-B324-53F80860A7D2}.Debug|Any CPU.ActiveCfg = Debug|Any CPU
		{C047BD9C-CB39-4AE6-B324-53F80860A7D2}.Debug|Any CPU.Build.0 = Debug|Any CPU
		{C047BD9C-CB39-4AE6-B324-53F80860A7D2}.Release|Any CPU.ActiveCfg = Release|Any CPU
		{C047BD9C-CB39-4AE6-B324-53F80860A7D2}.Release|Any CPU.Build.0 = Release|Any CPU
	EndGlobalSection
	GlobalSection(SolutionProperties) = preSolution
		HideSolutionNode = FALSE
	EndGlobalSection
	GlobalSection(ExtensibilityGlobals) = postSolution
		SolutionGuid = {36503F84-2162-45DF-ACA8-38BC6C2646C0}
	EndGlobalSection
EndGlobal
